
Microsoft Visual Studio Solution File, Format Version 12.00
# Visual Studio Version 16
VisualStudioVersion = 16.0.29519.87
MinimumVisualStudioVersion = 10.0.40219.1
Project("{FAE04EC0-301F-11D3-BF4B-00C04F79EFBC}") = "MsGraphMdArafat", "MsGraphMdArafat\MsGraphMdArafat.csproj", "{29EDBF40-500B-4F60-B5E0-574D1D185C40}"
EndProject
Global
	GlobalSection(SolutionConfigurationPlatforms) = preSolution
		Debug|Any CPU = Debug|Any CPU
		Release|Any CPU = Release|Any CPU
	EndGlobalSection
	GlobalSection(ProjectConfigurationPlatforms) = postSolution
		{29EDBF40-500B-4F60-B5E0-574D1D185C40}.Debug|Any CPU.ActiveCfg = Debug|Any CPU
		{29EDBF40-500B-4F60-B5E0-574D1D185C40}.Debug|Any CPU.Build.0 = Debug|Any CPU
		{29EDBF40-500B-4F60-B5E0-574D1D185C40}.Release|Any CPU.ActiveCfg = Release|Any CPU
		{29EDBF40-500B-4F60-B5E0-574D1D185C40}.Release|Any CPU.Build.0 = Release|Any CPU
	EndGlobalSection
	GlobalSection(SolutionProperties) = preSolution
		HideSolutionNode = FALSE
	EndGlobalSection
	GlobalSection(ExtensibilityGlobals) = postSolution
		SolutionGuid = {3BD516D3-E8CD-4732-9C6F-C5959DF511B7}
	EndGlobalSection
EndGlobal
